
Microsoft Visual Studio Solution File, Format Version 12.00
# Visual Studio Version 17
VisualStudioVersion = 17.8.34330.188
MinimumVisualStudioVersion = 10.0.40219.1
Project("{9A19103F-16F7-4668-BE54-9A1E7A4F7556}") = "VJN", "VJN\VJN.csproj", "{F59CFF06-1122-4E89-828F-4CA52B147C15}"
EndProject
Project("{FAE04EC0-301F-11D3-BF4B-00C04F79EFBC}") = "UnitTests", "UnitTests\UnitTests.csproj", "{5A2F4D7B-CF5E-4FB0-AB25-537302FDCDFA}"
EndProject
Global
	GlobalSection(SolutionConfigurationPlatforms) = preSolution
		Debug|Any CPU = Debug|Any CPU
		Release|Any CPU = Release|Any CPU
	EndGlobalSection
	GlobalSection(ProjectConfigurationPlatforms) = postSolution
		{F59CFF06-1122-4E89-828F-4CA52B147C15}.Debug|Any CPU.ActiveCfg = Debug|Any CPU
		{F59CFF06-1122-4E89-828F-4CA52B147C15}.Debug|Any CPU.Build.0 = Debug|Any CPU
		{F59CFF06-1122-4E89-828F-4CA52B147C15}.Release|Any CPU.ActiveCfg = Release|Any CPU
		{F59CFF06-1122-4E89-828F-4CA52B147C15}.Release|Any CPU.Build.0 = Release|Any CPU
		{5A2F4D7B-CF5E-4FB0-AB25-537302FDCDFA}.Debug|Any CPU.ActiveCfg = Debug|Any CPU
		{5A2F4D7B-CF5E-4FB0-AB25-537302FDCDFA}.Debug|Any CPU.Build.0 = Debug|Any CPU
		{5A2F4D7B-CF5E-4FB0-AB25-537302FDCDFA}.Release|Any CPU.ActiveCfg = Release|Any CPU
		{5A2F4D7B-CF5E-4FB0-AB25-537302FDCDFA}.Release|Any CPU.Build.0 = Release|Any CPU
	EndGlobalSection
	GlobalSection(SolutionProperties) = preSolution
		HideSolutionNode = FALSE
	EndGlobalSection
	GlobalSection(ExtensibilityGlobals) = postSolution
		SolutionGuid = {A390757E-2227-4141-B2ED-C09630485371}
	EndGlobalSection
EndGlobal
